
Microsoft Visual Studio Solution File, Format Version 12.00
# Visual Studio Version 16
VisualStudioVersion = 16.0.30413.136
MinimumVisualStudioVersion = 10.0.40219.1
Project("{FAE04EC0-301F-11D3-BF4B-00C04F79EFBC}") = "ConsoleProject", "ConsoleProject\ConsoleProject.csproj", "{15FB3493-96F6-4987-907D-63B51054AE77}"
EndProject
Global
	GlobalSection(SolutionConfigurationPlatforms) = preSolution
		Debug|Any CPU = Debug|Any CPU
		Release|Any CPU = Release|Any CPU
	EndGlobalSection
	GlobalSection(ProjectConfigurationPlatforms) = postSolution
		{15FB3493-96F6-4987-907D-63B51054AE77}.Debug|Any CPU.ActiveCfg = Debug|Any CPU
		{15FB3493-96F6-4987-907D-63B51054AE77}.Debug|Any CPU.Build.0 = Debug|Any CPU
		{15FB3493-96F6-4987-907D-63B51054AE77}.Release|Any CPU.ActiveCfg = Release|Any CPU
		{15FB3493-96F6-4987-907D-63B51054AE77}.Release|Any CPU.Build.0 = Release|Any CPU
	EndGlobalSection
	GlobalSection(SolutionProperties) = preSolution
		HideSolutionNode = FALSE
	EndGlobalSection
	GlobalSection(ExtensibilityGlobals) = postSolution
		SolutionGuid = {AD696168-6EAC-40DD-B8FF-9670613C707E}
	EndGlobalSection
EndGlobal
